
Microsoft Visual Studio Solution File, Format Version 12.00
# Visual Studio Version 16
VisualStudioVersion = 16.0.29613.14
MinimumVisualStudioVersion = 10.0.40219.1
Project("{9A19103F-16F7-4668-BE54-9A1E7A4F7556}") = "asp-net-auth", "asp-net-auth\asp-net-auth.csproj", "{9973ECE5-9284-4063-B582-3EF8A1CBAB77}"
EndProject
Project("{9A19103F-16F7-4668-BE54-9A1E7A4F7556}") = "Database", "Database\Database.csproj", "{0DBC1BF8-78C8-47AA-B198-1EB9E5856DEB}"
EndProject
Project("{2150E333-8FDC-42A3-9474-1A3956D46DE8}") = "Solution Items", "Solution Items", "{227B9708-C2BF-45B3-B107-E33E0344812D}"
	ProjectSection(SolutionItems) = preProject
		.editorconfig = .editorconfig
	EndProjectSection
EndProject
Global
	GlobalSection(SolutionConfigurationPlatforms) = preSolution
		Debug|Any CPU = Debug|Any CPU
		Release|Any CPU = Release|Any CPU
	EndGlobalSection
	GlobalSection(ProjectConfigurationPlatforms) = postSolution
		{9973ECE5-9284-4063-B582-3EF8A1CBAB77}.Debug|Any CPU.ActiveCfg = Debug|Any CPU
		{9973ECE5-9284-4063-B582-3EF8A1CBAB77}.Debug|Any CPU.Build.0 = Debug|Any CPU
		{9973ECE5-9284-4063-B582-3EF8A1CBAB77}.Release|Any CPU.ActiveCfg = Release|Any CPU
		{9973ECE5-9284-4063-B582-3EF8A1CBAB77}.Release|Any CPU.Build.0 = Release|Any CPU
		{0DBC1BF8-78C8-47AA-B198-1EB9E5856DEB}.Debug|Any CPU.ActiveCfg = Debug|Any CPU
		{0DBC1BF8-78C8-47AA-B198-1EB9E5856DEB}.Debug|Any CPU.Build.0 = Debug|Any CPU
		{0DBC1BF8-78C8-47AA-B198-1EB9E5856DEB}.Release|Any CPU.ActiveCfg = Release|Any CPU
		{0DBC1BF8-78C8-47AA-B198-1EB9E5856DEB}.Release|Any CPU.Build.0 = Release|Any CPU
	EndGlobalSection
	GlobalSection(SolutionProperties) = preSolution
		HideSolutionNode = FALSE
	EndGlobalSection
	GlobalSection(ExtensibilityGlobals) = postSolution
		SolutionGuid = {49D29B80-2988-4560-8CFE-27810B772638}
	EndGlobalSection
EndGlobal
